
Microsoft Visual Studio Solution File, Format Version 12.00
# Visual Studio Version 17
VisualStudioVersion = 17.14.36705.20
MinimumVisualStudioVersion = 10.0.40219.1
Project("{FAE04EC0-301F-11D3-BF4B-00C04F79EFBC}") = "bar cliente", "bar cliente.csproj", "{EB1EE818-1784-4934-AEC9-349FFF1C6332}"
EndProject
Global
	GlobalSection(SolutionConfigurationPlatforms) = preSolution
		Debug|Any CPU = Debug|Any CPU
		Release|Any CPU = Release|Any CPU
	EndGlobalSection
	GlobalSection(ProjectConfigurationPlatforms) = postSolution
		{EB1EE818-1784-4934-AEC9-349FFF1C6332}.Debug|Any CPU.ActiveCfg = Debug|Any CPU
		{EB1EE818-1784-4934-AEC9-349FFF1C6332}.Debug|Any CPU.Build.0 = Debug|Any CPU
		{EB1EE818-1784-4934-AEC9-349FFF1C6332}.Debug|Any CPU.Deploy.0 = Debug|Any CPU
		{EB1EE818-1784-4934-AEC9-349FFF1C6332}.Release|Any CPU.ActiveCfg = Release|Any CPU
		{EB1EE818-1784-4934-AEC9-349FFF1C6332}.Release|Any CPU.Build.0 = Release|Any CPU
		{EB1EE818-1784-4934-AEC9-349FFF1C6332}.Release|Any CPU.Deploy.0 = Release|Any CPU
	EndGlobalSection
	GlobalSection(SolutionProperties) = preSolution
		HideSolutionNode = FALSE
	EndGlobalSection
	GlobalSection(ExtensibilityGlobals) = postSolution
		SolutionGuid = {0C3C6F8E-378E-43DA-A63D-34A2E4203696}
	EndGlobalSection
EndGlobal
